// !$*UTF8*$!
{
	archiveVersion = 1;
	classes = {
	};
	objectVersion = 50;
	objects = {

/* Begin PBXBuildFile section */
		3A2AE2412CB6E267001D6A9F /* Pods_Family_Chat.framework in Frameworks */ = {isa = PBXBuildFile; fileRef = 04FDDE53044D1C0E41504769 /* Pods_Family_Chat.framework */; };
		AEB15457209E1F1800501247 /* AppDelegate.swift in Sources */ = {isa = PBXBuildFile; fileRef = AEB15456209E1F1800501247 /* AppDelegate.swift */; };
		AEB15459209E1F1800501247 /* ViewController.swift in Sources */ = {isa = PBXBuildFile; fileRef = AEB15458209E1F1800501247 /* ViewController.swift */; };
		AEB1545C209E1F1800501247 /* Main.storyboard in Resources */ = {isa = PBXBuildFile; fileRef = AEB1545A209E1F1800501247 /* Main.storyboard */; };
		AEB1545E209E1F1A00501247 /* Assets.xcassets in Resources */ = {isa = PBXBuildFile; fileRef = AEB1545D209E1F1A00501247 /* Assets.xcassets */; };
		AEB15461209E1F1A00501247 /* LaunchScreen.storyboard in Resources */ = {isa = PBXBuildFile; fileRef = AEB1545F209E1F1A00501247 /* LaunchScreen.storyboard */; };
/* End PBXBuildFile section */

/* Begin PBXFileReference section */
		04FDDE53044D1C0E41504769 /* Pods_Family_Chat.framework */ = {isa = PBXFileReference; explicitFileType = wrapper.framework; includeInIndex = 0; path = Pods_Family_Chat.framework; sourceTree = BUILT_PRODUCTS_DIR; };
		1EE692C0F3F4C3350D43FDA7 /* Pods-Family Chat.debug.xcconfig */ = {isa = PBXFileReference; includeInIndex = 1; lastKnownFileType = text.xcconfig; name = "Pods-Family Chat.debug.xcconfig"; path = "Pods/Target Support Files/Pods-Family Chat/Pods-Family Chat.debug.xcconfig"; sourceTree = "<group>"; };
		AEB15453209E1F1800501247 /* Family Chat.app */ = {isa = PBXFileReference; explicitFileType = wrapper.application; includeInIndex = 0; path = "Family Chat.app"; sourceTree = BUILT_PRODUCTS_DIR; };
		AEB15456209E1F1800501247 /* AppDelegate.swift */ = {isa = PBXFileReference; lastKnownFileType = sourcecode.swift; path = AppDelegate.swift; sourceTree = "<group>"; };
		AEB15458209E1F1800501247 /* ViewController.swift */ = {isa = PBXFileReference; lastKnownFileType = sourcecode.swift; path = ViewController.swift; sourceTree = "<group>"; };
		AEB1545B209E1F1800501247 /* Base */ = {isa = PBXFileReference; lastKnownFileType = file.storyboard; name = Base; path = Base.lproj/Main.storyboard; sourceTree = "<group>"; };
		AEB1545D209E1F1A00501247 /* Assets.xcassets */ = {isa = PBXFileReference; lastKnownFileType = folder.assetcatalog; path = Assets.xcassets; sourceTree = "<group>"; };
		AEB15460209E1F1A00501247 /* Base */ = {isa = PBXFileReference; lastKnownFileType = file.storyboard; name = Base; path = Base.lproj/LaunchScreen.storyboard; sourceTree = "<group>"; };
		AEB15462209E1F1A00501247 /* Info.plist */ = {isa = PBXFileReference; lastKnownFileType = text.plist.xml; path = Info.plist; sourceTree = "<group>"; };
		B06346DCD10436FC73DFE081 /* Pods-Family Chat.release.xcconfig */ = {isa = PBXFileReference; includeInIndex = 1; lastKnownFileType = text.xcconfig; name = "Pods-Family Chat.release.xcconfig"; path = "Pods/Target Support Files/Pods-Family Chat/Pods-Family Chat.release.xcconfig"; sourceTree = "<group>"; };
/* End PBXFileReference section */

/* Begin PBXFrameworksBuildPhase section */
		AEB15450209E1F1800501247 /* Frameworks */ = {
			isa = PBXFrameworksBuildPhase;
			buildActionMask = 2147483647;
			files = (
				3A2AE2412CB6E267001D6A9F /* Pods_Family_Chat.framework in Frameworks */,
			);
			runOnlyForDeploymentPostprocessing = 0;
		};
/* End PBXFrameworksBuildPhase section */

/* Begin PBXGroup section */
		339D0451EA02525EBDDD6B2D /* Pods */ = {
			isa = PBXGroup;
			children = (
				1EE692C0F3F4C3350D43FDA7 /* Pods-Family Chat.debug.xcconfig */,
				B06346DCD10436FC73DFE081 /* Pods-Family Chat.release.xcconfig */,
			);
			name = Pods;
			sourceTree = "<group>";
		};
		5A52872F0A433D10A4C48909 /* Frameworks */ = {
			isa = PBXGroup;
			children = (
				04FDDE53044D1C0E41504769 /* Pods_Family_Chat.framework */,
			);
			name = Frameworks;
			sourceTree = "<group>";
		};
		AEB1544A209E1F1800501247 = {
			isa = PBXGroup;
			children = (
				AEB15455209E1F1800501247 /* Family Chat */,
				AEB15454209E1F1800501247 /* Products */,
				339D0451EA02525EBDDD6B2D /* Pods */,
				5A52872F0A433D10A4C48909 /* Frameworks */,
			);
			sourceTree = "<group>";
		};
		AEB15454209E1F1800501247 /* Products */ = {
			isa = PBXGroup;
			children = (
				AEB15453209E1F1800501247 /* Family Chat.app */,
			);
			name = Products;
			sourceTree = "<group>";
		};
		AEB15455209E1F1800501247 /* Family Chat */ = {
			isa = PBXGroup;
			children = (
				AEB15456209E1F1800501247 /* AppDelegate.swift */,
				AEB15458209E1F1800501247 /* ViewController.swift */,
				AEB1545A209E1F1800501247 /* Main.storyboard */,
				AEB1545D209E1F1A00501247 /* Assets.xcassets */,
				AEB1545F209E1F1A00501247 /* LaunchScreen.storyboard */,
				AEB15462209E1F1A00501247 /* Info.plist */,
			);
			path = "Family Chat";
			sourceTree = "<group>";
		};
/* End PBXGroup section */

/* Begin PBXNativeTarget section */
		AEB15452209E1F1800501247 /* Family Chat */ = {
			isa = PBXNativeTarget;
			buildConfigurationList = AEB15465209E1F1A00501247 /* Build configuration list for PBXNativeTarget "Family Chat" */;
			buildPhases = (
				BF19FA7608757D46EB951468 /* [CP] Check Pods Manifest.lock */,
				AEB1544F209E1F1800501247 /* Sources */,
				AEB15450209E1F1800501247 /* Frameworks */,
				AEB15451209E1F1800501247 /* Resources */,
				D2A2DB547DE1399FA981728F /* [CP] Embed Pods Frameworks */,
			);
			buildRules = (
			);
			dependencies = (
			);
			name = "Family Chat";
			productName = "Family Chat";
			productReference = AEB15453209E1F1800501247 /* Family Chat.app */;
			productType = "com.apple.product-type.application";
		};
/* End PBXNativeTarget section */

/* Begin PBXProject section */
		AEB1544B209E1F1800501247 /* Project object */ = {
			isa = PBXProject;
			attributes = {
				LastSwiftUpdateCheck = 0930;
				LastUpgradeCheck = 0930;
				ORGANIZATIONNAME = "Jerry Ding";
				TargetAttributes = {
					AEB15452209E1F1800501247 = {
						CreatedOnToolsVersion = 9.3;
					};
				};
			};
			buildConfigurationList = AEB1544E209E1F1800501247 /* Build configuration list for PBXProject "Family Chat" */;
			compatibilityVersion = "Xcode 9.3";
			developmentRegion = en;
			hasScannedForEncodings = 0;
			knownRegions = (
				en,
				Base,
			);
			mainGroup = AEB1544A209E1F1800501247;
			productRefGroup = AEB15454209E1F1800501247 /* Products */;
			projectDirPath = "";
			projectRoot = "";
			targets = (
				AEB15452209E1F1800501247 /* Family Chat */,
			);
		};
/* End PBXProject section */

/* Begin PBXResourcesBuildPhase section */
		AEB15451209E1F1800501247 /* Resources */ = {
			isa = PBXResourcesBuildPhase;
			buildActionMask = 2147483647;
			files = (
				AEB15461209E1F1A00501247 /* LaunchScreen.storyboard in Resources */,
				AEB1545E209E1F1A00501247 /* Assets.xcassets in Resources */,
				AEB1545C209E1F1800501247 /* Main.storyboard in Resources */,
			);
			runOnlyForDeploymentPostprocessing = 0;
		};
/* End PBXResourcesBuildPhase section */

/* Begin PBXShellScriptBuildPhase section */
		BF19FA7608757D46EB951468 /* [CP] Check Pods Manifest.lock */ = {
			isa = PBXShellScriptBuildPhase;
			buildActionMask = 2147483647;
			files = (
			);
			inputPaths = (
				"${PODS_PODFILE_DIR_PATH}/Podfile.lock",
				"${PODS_ROOT}/Manifest.lock",
			);
			name = "[CP] Check Pods Manifest.lock";
			outputPaths = (
				"$(DERIVED_FILE_DIR)/Pods-Family Chat-checkManifestLockResult.txt",
			);
			runOnlyForDeploymentPostprocessing = 0;
			shellPath = /bin/sh;
			shellScript = "diff \"${PODS_PODFILE_DIR_PATH}/Podfile.lock\" \"${PODS_ROOT}/Manifest.lock\" > /dev/null\nif [ $? != 0 ] ; then\n    # print error to STDERR\n    echo \"error: The sandbox is not in sync with the Podfile.lock. Run 'pod install' or update your CocoaPods installation.\" >&2\n    exit 1\nfi\n# This output is used by Xcode 'outputs' to avoid re-running this script phase.\necho \"SUCCESS\" > \"${SCRIPT_OUTPUT_FILE_0}\"\n";
			showEnvVarsInLog = 0;
		};
		D2A2DB547DE1399FA981728F /* [CP] Embed Pods Frameworks */ = {
			isa = PBXShellScriptBuildPhase;
			buildActionMask = 2147483647;
			files = (
			);
			inputPaths = (
				"${SRCROOT}/Pods/Target Support Files/Pods-Family Chat/Pods-Family Chat-frameworks.sh",
				"${BUILT_PRODUCTS_DIR}/GoogleToolboxForMac/GoogleToolboxForMac.framework",
				"${BUILT_PRODUCTS_DIR}/nanopb/nanopb.framework",
			);
			name = "[CP] Embed Pods Frameworks";
			outputPaths = (
				"${TARGET_BUILD_DIR}/${FRAMEWORKS_FOLDER_PATH}/GoogleToolboxForMac.framework",
				"${TARGET_BUILD_DIR}/${FRAMEWORKS_FOLDER_PATH}/nanopb.framework",
			);
			runOnlyForDeploymentPostprocessing = 0;
			shellPath = /bin/sh;
			shellScript = "\"${SRCROOT}/Pods/Target Support Files/Pods-Family Chat/Pods-Family Chat-frameworks.sh\"\n";
			showEnvVarsInLog = 0;
		};
/* End PBXShellScriptBuildPhase section */

/* Begin PBXSourcesBuildPhase section */
		AEB1544F209E1F1800501247 /* Sources */ = {
			isa = PBXSourcesBuildPhase;
			buildActionMask = 2147483647;
			files = (
				AEB15459209E1F1800501247 /* ViewController.swift in Sources */,
				AEB15457209E1F1800501247 /* AppDelegate.swift in Sources */,
			);
			runOnlyForDeploymentPostprocessing = 0;
		};
/* End PBXSourcesBuildPhase section */

/* Begin PBXVariantGroup section */
		AEB1545A209E1F1800501247 /* Main.storyboard */ = {
			isa = PBXVariantGroup;
			children = (
				AEB1545B209E1F1800501247 /* Base */,
			);
			name = Main.storyboard;
			sourceTree = "<group>";
		};
		AEB1545F209E1F1A00501247 /* LaunchScreen.storyboard */ = {
			isa = PBXVariantGroup;
			children = (
				AEB15460209E1F1A00501247 /* Base */,
			);
			name = LaunchScreen.storyboard;
			sourceTree = "<group>";
		};
/* End PBXVariantGroup section */

/* Begin XCBuildConfiguration section */
		AEB15463209E1F1A00501247 /* Debug */ = {
			isa = XCBuildConfiguration;
			buildSettings = {
				ALWAYS_SEARCH_USER_PATHS = NO;
				CLANG_ANALYZER_NONNULL = YES;
				CLANG_ANALYZER_NUMBER_OBJECT_CONVERSION = YES_AGGRESSIVE;
				CLANG_CXX_LANGUAGE_STANDARD = "gnu++14";
				CLANG_CXX_LIBRARY = "libc++";
				CLANG_ENABLE_MODULES = YES;
				CLANG_ENABLE_OBJC_ARC = YES;
				CLANG_ENABLE_OBJC_WEAK = YES;
				CLANG_WARN_BLOCK_CAPTURE_AUTORELEASING = YES;
				CLANG_WARN_BOOL_CONVERSION = YES;
				CLANG_WARN_COMMA = YES;
				CLANG_WARN_CONSTANT_CONVERSION = YES;
				CLANG_WARN_DEPRECATED_OBJC_IMPLEMENTATIONS = YES;
				CLANG_WARN_DIRECT_OBJC_ISA_USAGE = YES_ERROR;
				CLANG_WARN_DOCUMENTATION_COMMENTS = YES;
				CLANG_WARN_EMPTY_BODY = YES;
				CLANG_WARN_ENUM_CONVERSION = YES;
				CLANG_WARN_INFINITE_RECURSION = YES;
				CLANG_WARN_INT_CONVERSION = YES;
				CLANG_WARN_NON_LITERAL_NULL_CONVERSION = YES;
				CLANG_WARN_OBJC_IMPLICIT_RETAIN_SELF = YES;
				CLANG_WARN_OBJC_LITERAL_CONVERSION = YES;
				CLANG_WARN_OBJC_ROOT_CLASS = YES_ERROR;
				CLANG_WARN_RANGE_LOOP_ANALYSIS = YES;
				CLANG_WARN_STRICT_PROTOTYPES = YES;
				CLANG_WARN_SUSPICIOUS_MOVE = YES;
				CLANG_WARN_UNGUARDED_AVAILABILITY = YES_AGGRESSIVE;
				CLANG_WARN_UNREACHABLE_CODE = YES;
				CLANG_WARN__DUPLICATE_METHOD_MATCH = YES;
				CODE_SIGN_IDENTITY = "iPhone Developer";
				COPY_PHASE_STRIP = NO;
				DEBUG_INFORMATION_FORMAT = dwarf;
				ENABLE_STRICT_OBJC_MSGSEND = YES;
				ENABLE_TESTABILITY = YES;
				GCC_C_LANGUAGE_STANDARD = gnu11;
				GCC_DYNAMIC_NO_PIC = NO;
				GCC_NO_COMMON_BLOCKS = YES;
				GCC_OPTIMIZATION_LEVEL = 0;
				GCC_PREPROCESSOR_DEFINITIONS = (
					"DEBUG=1",
					"$(inherited)",
				);
				GCC_WARN_64_TO_32_BIT_CONVERSION = YES;
				GCC_WARN_ABOUT_RETURN_TYPE = YES_ERROR;
				GCC_WARN_UNDECLARED_SELECTOR = YES;
				GCC_WARN_UNINITIALIZED_AUTOS = YES_AGGRESSIVE;
				GCC_WARN_UNUSED_FUNCTION = YES;
				GCC_WARN_UNUSED_VARIABLE = YES;
				IPHONEOS_DEPLOYMENT_TARGET = 11.3;
				MTL_ENABLE_DEBUG_INFO = YES;
				ONLY_ACTIVE_ARCH = YES;
				SDKROOT = iphoneos;
				SWIFT_ACTIVE_COMPILATION_CONDITIONS = DEBUG;
				SWIFT_OPTIMIZATION_LEVEL = "-Onone";
			};
			name = Debug;
		};
		AEB15464209E1F1A00501247 /* Release */ = {
			isa = XCBuildConfiguration;
			buildSettings = {
				ALWAYS_SEARCH_USER_PATHS = NO;
				CLANG_ANALYZER_NONNULL = YES;
				CLANG_ANALYZER_NUMBER_OBJECT_CONVERSION = YES_AGGRESSIVE;
				CLANG_CXX_LANGUAGE_STANDARD = "gnu++14";
				CLANG_CXX_LIBRARY = "libc++";
				CLANG_ENABLE_MODULES = YES;
				CLANG_ENABLE_OBJC_ARC = YES;
				CLANG_ENABLE_OBJC_WEAK = YES;
				CLANG_WARN_BLOCK_CAPTURE_AUTORELEASING = YES;
				CLANG_WARN_BOOL_CONVERSION = YES;
				CLANG_WARN_COMMA = YES;
				CLANG_WARN_CONSTANT_CONVERSION = YES;
				CLANG_WARN_DEPRECATED_OBJC_IMPLEMENTATIONS = YES;
				CLANG_WARN_DIRECT_OBJC_ISA_USAGE = YES_ERROR;
				CLANG_WARN_DOCUMENTATION_COMMENTS = YES;
				CLANG_WARN_EMPTY_BODY = YES;
				CLANG_WARN_ENUM_CONVERSION = YES;
				CLANG_WARN_INFINITE_RECURSION = YES;
				CLANG_WARN_INT_CONVERSION = YES;
				CLANG_WARN_NON_LITERAL_NULL_CONVERSION = YES;
				CLANG_WARN_OBJC_IMPLICIT_RETAIN_SELF = YES;
				CLANG_WARN_OBJC_LITERAL_CONVERSION = YES;
				CLANG_WARN_OBJC_ROOT_CLASS = YES_ERROR;
				CLANG_WARN_RANGE_LOOP_ANALYSIS = YES;
				CLANG_WARN_STRICT_PROTOTYPES = YES;
				CLANG_WARN_SUSPICIOUS_MOVE = YES;
				CLANG_WARN_UNGUARDED_AVAILABILITY = YES_AGGRESSIVE;
				CLANG_WARN_UNREACHABLE_CODE = YES;
				CLANG_WARN__DUPLICATE_METHOD_MATCH = YES;
				CODE_SIGN_IDENTITY = "iPhone Developer";
				COPY_PHASE_STRIP = NO;
				DEBUG_INFORMATION_FORMAT = "dwarf-with-dsym";
				ENABLE_NS_ASSERTIONS = NO;
				ENABLE_STRICT_OBJC_MSGSEND = YES;
				GCC_C_LANGUAGE_STANDARD = gnu11;
				GCC_NO_COMMON_BLOCKS = YES;
				GCC_WARN_64_TO_32_BIT_CONVERSION = YES;
				GCC_WARN_ABOUT_RETURN_TYPE = YES_ERROR;
				GCC_WARN_UNDECLARED_SELECTOR = YES;
				GCC_WARN_UNINITIALIZED_AUTOS = YES_AGGRESSIVE;
				GCC_WARN_UNUSED_FUNCTION = YES;
				GCC_WARN_UNUSED_VARIABLE = YES;
				IPHONEOS_DEPLOYMENT_TARGET = 11.3;
				MTL_ENABLE_DEBUG_INFO = NO;
				SDKROOT = iphoneos;
				SWIFT_COMPILATION_MODE = wholemodule;
				SWIFT_OPTIMIZATION_LEVEL = "-O";
				VALIDATE_PRODUCT = YES;
			};
			name = Release;
		};
		AEB15466209E1F1A00501247 /* Debug */ = {
			isa = XCBuildConfiguration;
			baseConfigurationReference = 1EE692C0F3F4C3350D43FDA7 /* Pods-Family Chat.debug.xcconfig */;
			buildSettings = {
				ASSETCATALOG_COMPILER_APPICON_NAME = AppIcon;
				CODE_SIGN_STYLE = Automatic;
				DEVELOPMENT_TEAM = W747UVW3WJ;
				INFOPLIST_FILE = "Family Chat/Info.plist";
				LD_RUNPATH_SEARCH_PATHS = "$(inherited) @executable_path/Frameworks";
				PRODUCT_BUNDLE_IDENTIFIER = "com.jerryding.Family-Chat";
				PRODUCT_NAME = "$(TARGET_NAME)";
				SWIFT_VERSION = 4.0;
				TARGETED_DEVICE_FAMILY = "1,2";
			};
			name = Debug;
		};
		AEB15467209E1F1A00501247 /* Release */ = {
			isa = XCBuildConfiguration;
			baseConfigurationReference = B06346DCD10436FC73DFE081 /* Pods-Family Chat.release.xcconfig */;
			buildSettings = {
				ASSETCATALOG_COMPILER_APPICON_NAME = AppIcon;
				CODE_SIGN_STYLE = Automatic;
				DEVELOPMENT_TEAM = W747UVW3WJ;
				INFOPLIST_FILE = "Family Chat/Info.plist";
				LD_RUNPATH_SEARCH_PATHS = "$(inherited) @executable_path/Frameworks";
				PRODUCT_BUNDLE_IDENTIFIER = "com.jerryding.Family-Chat";
				PRODUCT_NAME = "$(TARGET_NAME)";
				SWIFT_VERSION = 4.0;
				TARGETED_DEVICE_FAMILY = "1,2";
			};
			name = Release;
		};
/* End XCBuildConfiguration section */

/* Begin XCConfigurationList section */
		AEB1544E209E1F1800501247 /* Build configuration list for PBXProject "Family Chat" */ = {
			isa = XCConfigurationList;
			buildConfigurations = (
				AEB15463209E1F1A00501247 /* Debug */,
				AEB15464209E1F1A00501247 /* Release */,
			);
			defaultConfigurationIsVisible = 0;
			defaultConfigurationName = Release;
		};
		AEB15465209E1F1A00501247 /* Build configuration list for PBXNativeTarget "Family Chat" */ = {
			isa = XCConfigurationList;
			buildConfigurations = (
				AEB15466209E1F1A00501247 /* Debug */,
				AEB15467209E1F1A00501247 /* Release */,
			);
			defaultConfigurationIsVisible = 0;
			defaultConfigurationName = Release;
		};
/* End XCConfigurationList section */
	};
	rootObject = AEB1544B209E1F1800501247 /* Project object */;
}
